
Microsoft Visual Studio Solution File, Format Version 12.00
# Visual Studio Version 16
VisualStudioVersion = 16.0.31025.194
MinimumVisualStudioVersion = 10.0.40219.1
Project("{8BC9CEB8-8B4A-11D0-8D11-00A0C91BC942}") = "TrueAndFalse", "TrueAndFalse\TrueAndFalse.vcxproj", "{998C3552-62FC-4F6A-8014-186D3E5D76B5}"
EndProject
Project("{8BC9CEB8-8B4A-11D0-8D11-00A0C91BC942}") = "DataTypeBool", "DataTypeBool\DataTypeBool.vcxproj", "{DC10CD47-CE6E-4D43-95C2-38B07C949D6F}"
EndProject
Project("{8BC9CEB8-8B4A-11D0-8D11-00A0C91BC942}") = "Referen", "Referen\Referen.vcxproj", "{B92A06CA-2B4C-4543-9DCB-31BCAB276D51}"
EndProject
Project("{8BC9CEB8-8B4A-11D0-8D11-00A0C91BC942}") = "RefArrElem1", "RefArrElem1\RefArrElem1.vcxproj", "{0970BA23-EDD0-4122-ADA3-2DA7A4A42992}"
EndProject
Project("{8BC9CEB8-8B4A-11D0-8D11-00A0C91BC942}") = "RefPtr", "RefPtr\RefPtr.vcxproj", "{695CBDAD-43DD-4FB6-B787-4134D43B092C}"
EndProject
Project("{8BC9CEB8-8B4A-11D0-8D11-00A0C91BC942}") = "RefSwap", "RefSwap\RefSwap.vcxproj", "{52C445F9-6337-4F35-AD0F-EFAEBC2A8C64}"
EndProject
Project("{8BC9CEB8-8B4A-11D0-8D11-00A0C91BC942}") = "Q2-1(1)", "Q2-1(1)\Q2-1(1).vcxproj", "{12CBFDB1-EF6F-4199-89D8-2A7952E58A68}"
EndProject
Project("{8BC9CEB8-8B4A-11D0-8D11-00A0C91BC942}") = "Q2-1(3)", "Q2-1(3)\Q2-1(3).vcxproj", "{5A43916B-76E7-4D21-B55E-85D999E05210}"
EndProject
Project("{8BC9CEB8-8B4A-11D0-8D11-00A0C91BC942}") = "RefReturnOne", "RefReturnOne\RefReturnOne.vcxproj", "{D9723290-8FD1-4F4E-B08E-F5BFC20BDE1E}"
EndProject
Project("{8BC9CEB8-8B4A-11D0-8D11-00A0C91BC942}") = "RefReturnTwo", "RefReturnTwo\RefReturnTwo.vcxproj", "{BE17C13F-01FF-48EC-82EA-0D904FC445E1}"
EndProject
Project("{8BC9CEB8-8B4A-11D0-8D11-00A0C91BC942}") = "RefReturnThree", "RefReturnThree\RefReturnThree.vcxproj", "{EE37C507-674A-45C7-B4C8-961EF523DD12}"
EndProject
Project("{8BC9CEB8-8B4A-11D0-8D11-00A0C91BC942}") = "Q2-2", "Q2-2\Q2-2.vcxproj", "{89ADEE46-8506-4E88-897F-CE75FA9EC040}"
EndProject
Project("{8BC9CEB8-8B4A-11D0-8D11-00A0C91BC942}") = "MemMalFree", "MemMalFree\MemMalFree.vcxproj", "{C9EACB12-8EEA-4EFA-8F88-BAE98B4756E8}"
EndProject
Project("{8BC9CEB8-8B4A-11D0-8D11-00A0C91BC942}") = "NewDelete", "NewDelete\NewDelete.vcxproj", "{9C7B2734-FBE4-4E3A-97EB-5691AF82D7DD}"
EndProject
Project("{8BC9CEB8-8B4A-11D0-8D11-00A0C91BC942}") = "NewObject", "NewObject\NewObject.vcxproj", "{DA49D640-48D0-4764-8538-7B09C6972F86}"
EndProject
Project("{8BC9CEB8-8B4A-11D0-8D11-00A0C91BC942}") = "Q2-3", "Q2-3\Q2-3.vcxproj", "{4EC39D90-F0A5-4529-88E3-D1D5126A0509}"
EndProject
Project("{8BC9CEB8-8B4A-11D0-8D11-00A0C91BC942}") = "StdCPPFunc", "StdCPPFunc\StdCPPFunc.vcxproj", "{34AB5940-CDAA-49D8-AE35-E4C5793C5D02}"
EndProject
Project("{8BC9CEB8-8B4A-11D0-8D11-00A0C91BC942}") = "Q2-4(1)", "Q2-4\Q2-4.vcxproj", "{3227F880-F238-46E7-8C30-A3C0D7B0D9E3}"
EndProject
Project("{8BC9CEB8-8B4A-11D0-8D11-00A0C91BC942}") = "Q2-4(2)", "Q2-4(2)\Q2-4(2).vcxproj", "{E6A75379-B96F-4434-97FA-963FBEE6E5A9}"
EndProject
Global
	GlobalSection(SolutionConfigurationPlatforms) = preSolution
		Debug|x64 = Debug|x64
		Debug|x86 = Debug|x86
		Release|x64 = Release|x64
		Release|x86 = Release|x86
	EndGlobalSection
	GlobalSection(ProjectConfigurationPlatforms) = postSolution
		{998C3552-62FC-4F6A-8014-186D3E5D76B5}.Debug|x64.ActiveCfg = Debug|x64
		{998C3552-62FC-4F6A-8014-186D3E5D76B5}.Debug|x64.Build.0 = Debug|x64
		{998C3552-62FC-4F6A-8014-186D3E5D76B5}.Debug|x86.ActiveCfg = Debug|Win32
		{998C3552-62FC-4F6A-8014-186D3E5D76B5}.Debug|x86.Build.0 = Debug|Win32
		{998C3552-62FC-4F6A-8014-186D3E5D76B5}.Release|x64.ActiveCfg = Release|x64
		{998C3552-62FC-4F6A-8014-186D3E5D76B5}.Release|x64.Build.0 = Release|x64
		{998C3552-62FC-4F6A-8014-186D3E5D76B5}.Release|x86.ActiveCfg = Release|Win32
		{998C3552-62FC-4F6A-8014-186D3E5D76B5}.Release|x86.Build.0 = Release|Win32
		{DC10CD47-CE6E-4D43-95C2-38B07C949D6F}.Debug|x64.ActiveCfg = Debug|x64
		{DC10CD47-CE6E-4D43-95C2-38B07C949D6F}.Debug|x64.Build.0 = Debug|x64
		{DC10CD47-CE6E-4D43-95C2-38B07C949D6F}.Debug|x86.ActiveCfg = Debug|Win32
		{DC10CD47-CE6E-4D43-95C2-38B07C949D6F}.Debug|x86.Build.0 = Debug|Win32
		{DC10CD47-CE6E-4D43-95C2-38B07C949D6F}.Release|x64.ActiveCfg = Release|x64
		{DC10CD47-CE6E-4D43-95C2-38B07C949D6F}.Release|x64.Build.0 = Release|x64
		{DC10CD47-CE6E-4D43-95C2-38B07C949D6F}.Release|x86.ActiveCfg = Release|Win32
		{DC10CD47-CE6E-4D43-95C2-38B07C949D6F}.Release|x86.Build.0 = Release|Win32
		{B92A06CA-2B4C-4543-9DCB-31BCAB276D51}.Debug|x64.ActiveCfg = Debug|x64
		{B92A06CA-2B4C-4543-9DCB-31BCAB276D51}.Debug|x64.Build.0 = Debug|x64
		{B92A06CA-2B4C-4543-9DCB-31BCAB276D51}.Debug|x86.ActiveCfg = Debug|Win32
		{B92A06CA-2B4C-4543-9DCB-31BCAB276D51}.Debug|x86.Build.0 = Debug|Win32
		{B92A06CA-2B4C-4543-9DCB-31BCAB276D51}.Release|x64.ActiveCfg = Release|x64
		{B92A06CA-2B4C-4543-9DCB-31BCAB276D51}.Release|x64.Build.0 = Release|x64
		{B92A06CA-2B4C-4543-9DCB-31BCAB276D51}.Release|x86.ActiveCfg = Release|Win32
		{B92A06CA-2B4C-4543-9DCB-31BCAB276D51}.Release|x86.Build.0 = Release|Win32
		{0970BA23-EDD0-4122-ADA3-2DA7A4A42992}.Debug|x64.ActiveCfg = Debug|x64
		{0970BA23-EDD0-4122-ADA3-2DA7A4A42992}.Debug|x64.Build.0 = Debug|x64
		{0970BA23-EDD0-4122-ADA3-2DA7A4A42992}.Debug|x86.ActiveCfg = Debug|Win32
		{0970BA23-EDD0-4122-ADA3-2DA7A4A42992}.Debug|x86.Build.0 = Debug|Win32
		{0970BA23-EDD0-4122-ADA3-2DA7A4A42992}.Release|x64.ActiveCfg = Release|x64
		{0970BA23-EDD0-4122-ADA3-2DA7A4A42992}.Release|x64.Build.0 = Release|x64
		{0970BA23-EDD0-4122-ADA3-2DA7A4A42992}.Release|x86.ActiveCfg = Release|Win32
		{0970BA23-EDD0-4122-ADA3-2DA7A4A42992}.Release|x86.Build.0 = Release|Win32
		{695CBDAD-43DD-4FB6-B787-4134D43B092C}.Debug|x64.ActiveCfg = Debug|x64
		{695CBDAD-43DD-4FB6-B787-4134D43B092C}.Debug|x64.Build.0 = Debug|x64
		{695CBDAD-43DD-4FB6-B787-4134D43B092C}.Debug|x86.ActiveCfg = Debug|Win32
		{695CBDAD-43DD-4FB6-B787-4134D43B092C}.Debug|x86.Build.0 = Debug|Win32
		{695CBDAD-43DD-4FB6-B787-4134D43B092C}.Release|x64.ActiveCfg = Release|x64
		{695CBDAD-43DD-4FB6-B787-4134D43B092C}.Release|x64.Build.0 = Release|x64
		{695CBDAD-43DD-4FB6-B787-4134D43B092C}.Release|x86.ActiveCfg = Release|Win32
		{695CBDAD-43DD-4FB6-B787-4134D43B092C}.Release|x86.Build.0 = Release|Win32
		{52C445F9-6337-4F35-AD0F-EFAEBC2A8C64}.Debug|x64.ActiveCfg = Debug|x64
		{52C445F9-6337-4F35-AD0F-EFAEBC2A8C64}.Debug|x64.Build.0 = Debug|x64
		{52C445F9-6337-4F35-AD0F-EFAEBC2A8C64}.Debug|x86.ActiveCfg = Debug|Win32
		{52C445F9-6337-4F35-AD0F-EFAEBC2A8C64}.Debug|x86.Build.0 = Debug|Win32
		{52C445F9-6337-4F35-AD0F-EFAEBC2A8C64}.Release|x64.ActiveCfg = Release|x64
		{52C445F9-6337-4F35-AD0F-EFAEBC2A8C64}.Release|x64.Build.0 = Release|x64
		{52C445F9-6337-4F35-AD0F-EFAEBC2A8C64}.Release|x86.ActiveCfg = Release|Win32
		{52C445F9-6337-4F35-AD0F-EFAEBC2A8C64}.Release|x86.Build.0 = Release|Win32
		{12CBFDB1-EF6F-4199-89D8-2A7952E58A68}.Debug|x64.ActiveCfg = Debug|x64
		{12CBFDB1-EF6F-4199-89D8-2A7952E58A68}.Debug|x64.Build.0 = Debug|x64
		{12CBFDB1-EF6F-4199-89D8-2A7952E58A68}.Debug|x86.ActiveCfg = Debug|Win32
		{12CBFDB1-EF6F-4199-89D8-2A7952E58A68}.Debug|x86.Build.0 = Debug|Win32
		{12CBFDB1-EF6F-4199-89D8-2A7952E58A68}.Release|x64.ActiveCfg = Release|x64
		{12CBFDB1-EF6F-4199-89D8-2A7952E58A68}.Release|x64.Build.0 = Release|x64
		{12CBFDB1-EF6F-4199-89D8-2A7952E58A68}.Release|x86.ActiveCfg = Release|Win32
		{12CBFDB1-EF6F-4199-89D8-2A7952E58A68}.Release|x86.Build.0 = Release|Win32
		{5A43916B-76E7-4D21-B55E-85D999E05210}.Debug|x64.ActiveCfg = Debug|x64
		{5A43916B-76E7-4D21-B55E-85D999E05210}.Debug|x64.Build.0 = Debug|x64
		{5A43916B-76E7-4D21-B55E-85D999E05210}.Debug|x86.ActiveCfg = Debug|Win32
		{5A43916B-76E7-4D21-B55E-85D999E05210}.Debug|x86.Build.0 = Debug|Win32
		{5A43916B-76E7-4D21-B55E-85D999E05210}.Release|x64.ActiveCfg = Release|x64
		{5A43916B-76E7-4D21-B55E-85D999E05210}.Release|x64.Build.0 = Release|x64
		{5A43916B-76E7-4D21-B55E-85D999E05210}.Release|x86.ActiveCfg = Release|Win32
		{5A43916B-76E7-4D21-B55E-85D999E05210}.Release|x86.Build.0 = Release|Win32
		{D9723290-8FD1-4F4E-B08E-F5BFC20BDE1E}.Debug|x64.ActiveCfg = Debug|x64
		{D9723290-8FD1-4F4E-B08E-F5BFC20BDE1E}.Debug|x64.Build.0 = Debug|x64
		{D9723290-8FD1-4F4E-B08E-F5BFC20BDE1E}.Debug|x86.ActiveCfg = Debug|Win32
		{D9723290-8FD1-4F4E-B08E-F5BFC20BDE1E}.Debug|x86.Build.0 = Debug|Win32
		{D9723290-8FD1-4F4E-B08E-F5BFC20BDE1E}.Release|x64.ActiveCfg = Release|x64
		{D9723290-8FD1-4F4E-B08E-F5BFC20BDE1E}.Release|x64.Build.0 = Release|x64
		{D9723290-8FD1-4F4E-B08E-F5BFC20BDE1E}.Release|x86.ActiveCfg = Release|Win32
		{D9723290-8FD1-4F4E-B08E-F5BFC20BDE1E}.Release|x86.Build.0 = Release|Win32
		{BE17C13F-01FF-48EC-82EA-0D904FC445E1}.Debug|x64.ActiveCfg = Debug|x64
		{BE17C13F-01FF-48EC-82EA-0D904FC445E1}.Debug|x64.Build.0 = Debug|x64
		{BE17C13F-01FF-48EC-82EA-0D904FC445E1}.Debug|x86.ActiveCfg = Debug|Win32
		{BE17C13F-01FF-48EC-82EA-0D904FC445E1}.Debug|x86.Build.0 = Debug|Win32
		{BE17C13F-01FF-48EC-82EA-0D904FC445E1}.Release|x64.ActiveCfg = Release|x64
		{BE17C13F-01FF-48EC-82EA-0D904FC445E1}.Release|x64.Build.0 = Release|x64
		{BE17C13F-01FF-48EC-82EA-0D904FC445E1}.Release|x86.ActiveCfg = Release|Win32
		{BE17C13F-01FF-48EC-82EA-0D904FC445E1}.Release|x86.Build.0 = Release|Win32
		{EE37C507-674A-45C7-B4C8-961EF523DD12}.Debug|x64.ActiveCfg = Debug|x64
		{EE37C507-674A-45C7-B4C8-961EF523DD12}.Debug|x64.Build.0 = Debug|x64
		{EE37C507-674A-45C7-B4C8-961EF523DD12}.Debug|x86.ActiveCfg = Debug|Win32
		{EE37C507-674A-45C7-B4C8-961EF523DD12}.Debug|x86.Build.0 = Debug|Win32
		{EE37C507-674A-45C7-B4C8-961EF523DD12}.Release|x64.ActiveCfg = Release|x64
		{EE37C507-674A-45C7-B4C8-961EF523DD12}.Release|x64.Build.0 = Release|x64
		{EE37C507-674A-45C7-B4C8-961EF523DD12}.Release|x86.ActiveCfg = Release|Win32
		{EE37C507-674A-45C7-B4C8-961EF523DD12}.Release|x86.Build.0 = Release|Win32
		{89ADEE46-8506-4E88-897F-CE75FA9EC040}.Debug|x64.ActiveCfg = Debug|x64
		{89ADEE46-8506-4E88-897F-CE75FA9EC040}.Debug|x64.Build.0 = Debug|x64
		{89ADEE46-8506-4E88-897F-CE75FA9EC040}.Debug|x86.ActiveCfg = Debug|Win32
		{89ADEE46-8506-4E88-897F-CE75FA9EC040}.Debug|x86.Build.0 = Debug|Win32
		{89ADEE46-8506-4E88-897F-CE75FA9EC040}.Release|x64.ActiveCfg = Release|x64
		{89ADEE46-8506-4E88-897F-CE75FA9EC040}.Release|x64.Build.0 = Release|x64
		{89ADEE46-8506-4E88-897F-CE75FA9EC040}.Release|x86.ActiveCfg = Release|Win32
		{89ADEE46-8506-4E88-897F-CE75FA9EC040}.Release|x86.Build.0 = Release|Win32
		{C9EACB12-8EEA-4EFA-8F88-BAE98B4756E8}.Debug|x64.ActiveCfg = Debug|x64
		{C9EACB12-8EEA-4EFA-8F88-BAE98B4756E8}.Debug|x64.Build.0 = Debug|x64
		{C9EACB12-8EEA-4EFA-8F88-BAE98B4756E8}.Debug|x86.ActiveCfg = Debug|Win32
		{C9EACB12-8EEA-4EFA-8F88-BAE98B4756E8}.Debug|x86.Build.0 = Debug|Win32
		{C9EACB12-8EEA-4EFA-8F88-BAE98B4756E8}.Release|x64.ActiveCfg = Release|x64
		{C9EACB12-8EEA-4EFA-8F88-BAE98B4756E8}.Release|x64.Build.0 = Release|x64
		{C9EACB12-8EEA-4EFA-8F88-BAE98B4756E8}.Release|x86.ActiveCfg = Release|Win32
		{C9EACB12-8EEA-4EFA-8F88-BAE98B4756E8}.Release|x86.Build.0 = Release|Win32
		{9C7B2734-FBE4-4E3A-97EB-5691AF82D7DD}.Debug|x64.ActiveCfg = Debug|x64
		{9C7B2734-FBE4-4E3A-97EB-5691AF82D7DD}.Debug|x64.Build.0 = Debug|x64
		{9C7B2734-FBE4-4E3A-97EB-5691AF82D7DD}.Debug|x86.ActiveCfg = Debug|Win32
		{9C7B2734-FBE4-4E3A-97EB-5691AF82D7DD}.Debug|x86.Build.0 = Debug|Win32
		{9C7B2734-FBE4-4E3A-97EB-5691AF82D7DD}.Release|x64.ActiveCfg = Release|x64
		{9C7B2734-FBE4-4E3A-97EB-5691AF82D7DD}.Release|x64.Build.0 = Release|x64
		{9C7B2734-FBE4-4E3A-97EB-5691AF82D7DD}.Release|x86.ActiveCfg = Release|Win32
		{9C7B2734-FBE4-4E3A-97EB-5691AF82D7DD}.Release|x86.Build.0 = Release|Win32
		{DA49D640-48D0-4764-8538-7B09C6972F86}.Debug|x64.ActiveCfg = Debug|x64
		{DA49D640-48D0-4764-8538-7B09C6972F86}.Debug|x64.Build.0 = Debug|x64
		{DA49D640-48D0-4764-8538-7B09C6972F86}.Debug|x86.ActiveCfg = Debug|Win32
		{DA49D640-48D0-4764-8538-7B09C6972F86}.Debug|x86.Build.0 = Debug|Win32
		{DA49D640-48D0-4764-8538-7B09C6972F86}.Release|x64.ActiveCfg = Release|x64
		{DA49D640-48D0-4764-8538-7B09C6972F86}.Release|x64.Build.0 = Release|x64
		{DA49D640-48D0-4764-8538-7B09C6972F86}.Release|x86.ActiveCfg = Release|Win32
		{DA49D640-48D0-4764-8538-7B09C6972F86}.Release|x86.Build.0 = Release|Win32
		{4EC39D90-F0A5-4529-88E3-D1D5126A0509}.Debug|x64.ActiveCfg = Debug|x64
		{4EC39D90-F0A5-4529-88E3-D1D5126A0509}.Debug|x64.Build.0 = Debug|x64
		{4EC39D90-F0A5-4529-88E3-D1D5126A0509}.Debug|x86.ActiveCfg = Debug|Win32
		{4EC39D90-F0A5-4529-88E3-D1D5126A0509}.Debug|x86.Build.0 = Debug|Win32
		{4EC39D90-F0A5-4529-88E3-D1D5126A0509}.Release|x64.ActiveCfg = Release|x64
		{4EC39D90-F0A5-4529-88E3-D1D5126A0509}.Release|x64.Build.0 = Release|x64
		{4EC39D90-F0A5-4529-88E3-D1D5126A0509}.Release|x86.ActiveCfg = Release|Win32
		{4EC39D90-F0A5-4529-88E3-D1D5126A0509}.Release|x86.Build.0 = Release|Win32
		{34AB5940-CDAA-49D8-AE35-E4C5793C5D02}.Debug|x64.ActiveCfg = Debug|x64
		{34AB5940-CDAA-49D8-AE35-E4C5793C5D02}.Debug|x64.Build.0 = Debug|x64
		{34AB5940-CDAA-49D8-AE35-E4C5793C5D02}.Debug|x86.ActiveCfg = Debug|Win32
		{34AB5940-CDAA-49D8-AE35-E4C5793C5D02}.Debug|x86.Build.0 = Debug|Win32
		{34AB5940-CDAA-49D8-AE35-E4C5793C5D02}.Release|x64.ActiveCfg = Release|x64
		{34AB5940-CDAA-49D8-AE35-E4C5793C5D02}.Release|x64.Build.0 = Release|x64
		{34AB5940-CDAA-49D8-AE35-E4C5793C5D02}.Release|x86.ActiveCfg = Release|Win32
		{34AB5940-CDAA-49D8-AE35-E4C5793C5D02}.Release|x86.Build.0 = Release|Win32
		{3227F880-F238-46E7-8C30-A3C0D7B0D9E3}.Debug|x64.ActiveCfg = Debug|x64
		{3227F880-F238-46E7-8C30-A3C0D7B0D9E3}.Debug|x64.Build.0 = Debug|x64
		{3227F880-F238-46E7-8C30-A3C0D7B0D9E3}.Debug|x86.ActiveCfg = Debug|Win32
		{3227F880-F238-46E7-8C30-A3C0D7B0D9E3}.Debug|x86.Build.0 = Debug|Win32
		{3227F880-F238-46E7-8C30-A3C0D7B0D9E3}.Release|x64.ActiveCfg = Release|x64
		{3227F880-F238-46E7-8C30-A3C0D7B0D9E3}.Release|x64.Build.0 = Release|x64
		{3227F880-F238-46E7-8C30-A3C0D7B0D9E3}.Release|x86.ActiveCfg = Release|Win32
		{3227F880-F238-46E7-8C30-A3C0D7B0D9E3}.Release|x86.Build.0 = Release|Win32
		{E6A75379-B96F-4434-97FA-963FBEE6E5A9}.Debug|x64.ActiveCfg = Debug|x64
		{E6A75379-B96F-4434-97FA-963FBEE6E5A9}.Debug|x64.Build.0 = Debug|x64
		{E6A75379-B96F-4434-97FA-963FBEE6E5A9}.Debug|x86.ActiveCfg = Debug|Win32
		{E6A75379-B96F-4434-97FA-963FBEE6E5A9}.Debug|x86.Build.0 = Debug|Win32
		{E6A75379-B96F-4434-97FA-963FBEE6E5A9}.Release|x64.ActiveCfg = Release|x64
		{E6A75379-B96F-4434-97FA-963FBEE6E5A9}.Release|x64.Build.0 = Release|x64
		{E6A75379-B96F-4434-97FA-963FBEE6E5A9}.Release|x86.ActiveCfg = Release|Win32
		{E6A75379-B96F-4434-97FA-963FBEE6E5A9}.Release|x86.Build.0 = Release|Win32
	EndGlobalSection
	GlobalSection(SolutionProperties) = preSolution
		HideSolutionNode = FALSE
	EndGlobalSection
	GlobalSection(ExtensibilityGlobals) = postSolution
		SolutionGuid = {362CB2DA-B87B-44D7-B6FE-3F3B3982B330}
	EndGlobalSection
EndGlobal
